
Microsoft Visual Studio Solution File, Format Version 12.00
# Visual Studio Version 17
VisualStudioVersion = 17.9.34622.214
MinimumVisualStudioVersion = 10.0.40219.1
Project("{9A19103F-16F7-4668-BE54-9A1E7A4F7556}") = "SmartOrder.Web", "SmartOrder.Web\SmartOrder.Web.csproj", "{825A0F13-FCDD-4A0E-B7F6-EACF4FC04E23}"
EndProject
Project("{2150E333-8FDC-42A3-9474-1A3956D46DE8}") = "Web", "Web", "{331025A1-C824-485A-A5C5-C7333EE19CBF}"
EndProject
Project("{2150E333-8FDC-42A3-9474-1A3956D46DE8}") = "Services", "Services", "{1A9128D2-DE97-4270-B5B3-D4790B424308}"
EndProject
Project("{2150E333-8FDC-42A3-9474-1A3956D46DE8}") = "Data", "Data", "{40CC6364-F20F-4423-B467-2177655538CC}"
EndProject
Project("{9A19103F-16F7-4668-BE54-9A1E7A4F7556}") = "SmartOrder.Web.Infrastructure", "SmartOrder.Web.Infrastructure\SmartOrder.Web.Infrastructure.csproj", "{5F7D7B2E-24C7-4ADC-BADD-5E2909D8F4F7}"
EndProject
Project("{9A19103F-16F7-4668-BE54-9A1E7A4F7556}") = "SmartOrder.Web.ViewModels", "SmartOrder.Web.ViewModels\SmartOrder.Web.ViewModels.csproj", "{826FA830-A6EE-4FD9-80EE-6894AD043A18}"
EndProject
Project("{9A19103F-16F7-4668-BE54-9A1E7A4F7556}") = "SmartOrder.Common", "SmartOrder.Common\SmartOrder.Common.csproj", "{48ABD0BA-86CB-4174-A87B-826B155A386D}"
EndProject
Project("{9A19103F-16F7-4668-BE54-9A1E7A4F7556}") = "SmartOrder.Data", "SmartOrder.Data\SmartOrder.Data.csproj", "{1E6C50A0-972B-4826-BD35-8FF07B21916F}"
EndProject
Project("{9A19103F-16F7-4668-BE54-9A1E7A4F7556}") = "SmartOrder.Data.Models", "SmartOrder.Data.Models\SmartOrder.Data.Models.csproj", "{2A28CCF5-5012-48D2-A7FD-68ADD08E12CA}"
EndProject
Project("{9A19103F-16F7-4668-BE54-9A1E7A4F7556}") = "SmartOrder.Services.Data", "SmartOrder.Services.Data\SmartOrder.Services.Data.csproj", "{3F0CA47F-2A3B-4951-8551-29E23983F92C}"
EndProject
Project("{FAE04EC0-301F-11D3-BF4B-00C04F79EFBC}") = "SmartOrder.Services.Tests", "SmartOrder.Services.Tests\SmartOrder.Services.Tests.csproj", "{9CC2C872-0CD7-4AE6-8CA6-6FC7EFAFC6CE}"
EndProject
Global
	GlobalSection(SolutionConfigurationPlatforms) = preSolution
		Debug|Any CPU = Debug|Any CPU
		Release|Any CPU = Release|Any CPU
	EndGlobalSection
	GlobalSection(ProjectConfigurationPlatforms) = postSolution
		{825A0F13-FCDD-4A0E-B7F6-EACF4FC04E23}.Debug|Any CPU.ActiveCfg = Debug|Any CPU
		{825A0F13-FCDD-4A0E-B7F6-EACF4FC04E23}.Debug|Any CPU.Build.0 = Debug|Any CPU
		{825A0F13-FCDD-4A0E-B7F6-EACF4FC04E23}.Release|Any CPU.ActiveCfg = Release|Any CPU
		{825A0F13-FCDD-4A0E-B7F6-EACF4FC04E23}.Release|Any CPU.Build.0 = Release|Any CPU
		{5F7D7B2E-24C7-4ADC-BADD-5E2909D8F4F7}.Debug|Any CPU.ActiveCfg = Debug|Any CPU
		{5F7D7B2E-24C7-4ADC-BADD-5E2909D8F4F7}.Debug|Any CPU.Build.0 = Debug|Any CPU
		{5F7D7B2E-24C7-4ADC-BADD-5E2909D8F4F7}.Release|Any CPU.ActiveCfg = Release|Any CPU
		{5F7D7B2E-24C7-4ADC-BADD-5E2909D8F4F7}.Release|Any CPU.Build.0 = Release|Any CPU
		{826FA830-A6EE-4FD9-80EE-6894AD043A18}.Debug|Any CPU.ActiveCfg = Debug|Any CPU
		{826FA830-A6EE-4FD9-80EE-6894AD043A18}.Debug|Any CPU.Build.0 = Debug|Any CPU
		{826FA830-A6EE-4FD9-80EE-6894AD043A18}.Release|Any CPU.ActiveCfg = Release|Any CPU
		{826FA830-A6EE-4FD9-80EE-6894AD043A18}.Release|Any CPU.Build.0 = Release|Any CPU
		{48ABD0BA-86CB-4174-A87B-826B155A386D}.Debug|Any CPU.ActiveCfg = Debug|Any CPU
		{48ABD0BA-86CB-4174-A87B-826B155A386D}.Debug|Any CPU.Build.0 = Debug|Any CPU
		{48ABD0BA-86CB-4174-A87B-826B155A386D}.Release|Any CPU.ActiveCfg = Release|Any CPU
		{48ABD0BA-86CB-4174-A87B-826B155A386D}.Release|Any CPU.Build.0 = Release|Any CPU
		{1E6C50A0-972B-4826-BD35-8FF07B21916F}.Debug|Any CPU.ActiveCfg = Debug|Any CPU
		{1E6C50A0-972B-4826-BD35-8FF07B21916F}.Debug|Any CPU.Build.0 = Debug|Any CPU
		{1E6C50A0-972B-4826-BD35-8FF07B21916F}.Release|Any CPU.ActiveCfg = Release|Any CPU
		{1E6C50A0-972B-4826-BD35-8FF07B21916F}.Release|Any CPU.Build.0 = Release|Any CPU
		{2A28CCF5-5012-48D2-A7FD-68ADD08E12CA}.Debug|Any CPU.ActiveCfg = Debug|Any CPU
		{2A28CCF5-5012-48D2-A7FD-68ADD08E12CA}.Debug|Any CPU.Build.0 = Debug|Any CPU
		{2A28CCF5-5012-48D2-A7FD-68ADD08E12CA}.Release|Any CPU.ActiveCfg = Release|Any CPU
		{2A28CCF5-5012-48D2-A7FD-68ADD08E12CA}.Release|Any CPU.Build.0 = Release|Any CPU
		{3F0CA47F-2A3B-4951-8551-29E23983F92C}.Debug|Any CPU.ActiveCfg = Debug|Any CPU
		{3F0CA47F-2A3B-4951-8551-29E23983F92C}.Debug|Any CPU.Build.0 = Debug|Any CPU
		{3F0CA47F-2A3B-4951-8551-29E23983F92C}.Release|Any CPU.ActiveCfg = Release|Any CPU
		{3F0CA47F-2A3B-4951-8551-29E23983F92C}.Release|Any CPU.Build.0 = Release|Any CPU
		{9CC2C872-0CD7-4AE6-8CA6-6FC7EFAFC6CE}.Debug|Any CPU.ActiveCfg = Debug|Any CPU
		{9CC2C872-0CD7-4AE6-8CA6-6FC7EFAFC6CE}.Debug|Any CPU.Build.0 = Debug|Any CPU
		{9CC2C872-0CD7-4AE6-8CA6-6FC7EFAFC6CE}.Release|Any CPU.ActiveCfg = Release|Any CPU
		{9CC2C872-0CD7-4AE6-8CA6-6FC7EFAFC6CE}.Release|Any CPU.Build.0 = Release|Any CPU
	EndGlobalSection
	GlobalSection(SolutionProperties) = preSolution
		HideSolutionNode = FALSE
	EndGlobalSection
	GlobalSection(NestedProjects) = preSolution
		{825A0F13-FCDD-4A0E-B7F6-EACF4FC04E23} = {331025A1-C824-485A-A5C5-C7333EE19CBF}
		{5F7D7B2E-24C7-4ADC-BADD-5E2909D8F4F7} = {331025A1-C824-485A-A5C5-C7333EE19CBF}
		{826FA830-A6EE-4FD9-80EE-6894AD043A18} = {331025A1-C824-485A-A5C5-C7333EE19CBF}
		{1E6C50A0-972B-4826-BD35-8FF07B21916F} = {40CC6364-F20F-4423-B467-2177655538CC}
		{2A28CCF5-5012-48D2-A7FD-68ADD08E12CA} = {40CC6364-F20F-4423-B467-2177655538CC}
		{3F0CA47F-2A3B-4951-8551-29E23983F92C} = {1A9128D2-DE97-4270-B5B3-D4790B424308}
		{9CC2C872-0CD7-4AE6-8CA6-6FC7EFAFC6CE} = {1A9128D2-DE97-4270-B5B3-D4790B424308}
	EndGlobalSection
	GlobalSection(ExtensibilityGlobals) = postSolution
		SolutionGuid = {9328DB67-4E96-4CA8-B2E6-9B6A2AE8A8E4}
	EndGlobalSection
EndGlobal
